// !$*UTF8*$!
{
	archiveVersion = 1;
	classes = {
	};
	objectVersion = 55;
	objects = {

/* Begin PBXBuildFile section */
		1F0836916ED5211B78A9030A /* Pods_GuapTimeTable.framework in Frameworks */ = {isa = PBXBuildFile; fileRef = EE0A191BC969C26CF551A33A /* Pods_GuapTimeTable.framework */; };
		9229ACB728FB264800874A93 /* EmptyDataCell.swift in Sources */ = {isa = PBXBuildFile; fileRef = 9229ACB628FB264800874A93 /* EmptyDataCell.swift */; };
		9229ACB9290414C800874A93 /* TableHeaderView.swift in Sources */ = {isa = PBXBuildFile; fileRef = 9229ACB8290414C800874A93 /* TableHeaderView.swift */; };
		9229ACBB29047DB300874A93 /* LessonModalViewController.swift in Sources */ = {isa = PBXBuildFile; fileRef = 9229ACBA29047DB300874A93 /* LessonModalViewController.swift */; };
		9229ACBD2907E90000874A93 /* CustomTimeTableViewController.swift in Sources */ = {isa = PBXBuildFile; fileRef = 9229ACBC2907E90000874A93 /* CustomTimeTableViewController.swift */; };
		9229ACBF2909E70800874A93 /* SettingsStorage.swift in Sources */ = {isa = PBXBuildFile; fileRef = 9229ACBE2909E70800874A93 /* SettingsStorage.swift */; };
		923329692972060500776599 /* GoogleService-Info.plist in Resources */ = {isa = PBXBuildFile; fileRef = 923329682972060500776599 /* GoogleService-Info.plist */; };
		9233296B2973495F00776599 /* FirebaseAPI.swift in Sources */ = {isa = PBXBuildFile; fileRef = 9233296A2973495F00776599 /* FirebaseAPI.swift */; };
		9233296D297378F200776599 /* FirestoreLessonModel.swift in Sources */ = {isa = PBXBuildFile; fileRef = 9233296C297378F200776599 /* FirestoreLessonModel.swift */; };
		925D068428D7649100121931 /* AppDelegate.swift in Sources */ = {isa = PBXBuildFile; fileRef = 925D068328D7649100121931 /* AppDelegate.swift */; };
		925D068628D7649100121931 /* SceneDelegate.swift in Sources */ = {isa = PBXBuildFile; fileRef = 925D068528D7649100121931 /* SceneDelegate.swift */; };
		925D068828D7649100121931 /* TabBarViewController.swift in Sources */ = {isa = PBXBuildFile; fileRef = 925D068728D7649100121931 /* TabBarViewController.swift */; };
		925D068D28D7649200121931 /* Assets.xcassets in Resources */ = {isa = PBXBuildFile; fileRef = 925D068C28D7649200121931 /* Assets.xcassets */; };
		9262F09328F7696500A35604 /* LessonCell.swift in Sources */ = {isa = PBXBuildFile; fileRef = 9262F09228F7696500A35604 /* LessonCell.swift */; };
		92D41FB828F05120006F4289 /* SelectQueryModels.swift in Sources */ = {isa = PBXBuildFile; fileRef = 92D41FB728F05120006F4289 /* SelectQueryModels.swift */; };
		92D41FBB28F08423006F4289 /* TimeTableModels.swift in Sources */ = {isa = PBXBuildFile; fileRef = 92D41FBA28F08423006F4289 /* TimeTableModels.swift */; };
		92D41FBE28F45891006F4289 /* RequestModule.swift in Sources */ = {isa = PBXBuildFile; fileRef = 92D41FBD28F45891006F4289 /* RequestModule.swift */; };
		92D41FC128F459D0006F4289 /* StringExtensions.swift in Sources */ = {isa = PBXBuildFile; fileRef = 92D41FC028F459D0006F4289 /* StringExtensions.swift */; };
		92D41FC328F471CD006F4289 /* Launch Screen.storyboard in Resources */ = {isa = PBXBuildFile; fileRef = 92D41FC228F471CD006F4289 /* Launch Screen.storyboard */; };
		92D41FC628F47887006F4289 /* SettingsViewController.swift in Sources */ = {isa = PBXBuildFile; fileRef = 92D41FC528F47887006F4289 /* SettingsViewController.swift */; };
		92D41FC828F478C9006F4289 /* TimeTableViewController.swift in Sources */ = {isa = PBXBuildFile; fileRef = 92D41FC728F478C9006F4289 /* TimeTableViewController.swift */; };
		92DAE8F128F9579100EE7C27 /* DeadLineViewController.swift in Sources */ = {isa = PBXBuildFile; fileRef = 92DAE8F028F9579100EE7C27 /* DeadLineViewController.swift */; };
/* End PBXBuildFile section */

/* Begin PBXFileReference section */
		301117D7CB394AEAE712649A /* Pods-GuapTimeTable.release.xcconfig */ = {isa = PBXFileReference; includeInIndex = 1; lastKnownFileType = text.xcconfig; name = "Pods-GuapTimeTable.release.xcconfig"; path = "Target Support Files/Pods-GuapTimeTable/Pods-GuapTimeTable.release.xcconfig"; sourceTree = "<group>"; };
		58B6D713556DD608756F7A38 /* Pods-GuapTimeTable.debug.xcconfig */ = {isa = PBXFileReference; includeInIndex = 1; lastKnownFileType = text.xcconfig; name = "Pods-GuapTimeTable.debug.xcconfig"; path = "Target Support Files/Pods-GuapTimeTable/Pods-GuapTimeTable.debug.xcconfig"; sourceTree = "<group>"; };
		9229ACB628FB264800874A93 /* EmptyDataCell.swift */ = {isa = PBXFileReference; lastKnownFileType = sourcecode.swift; path = EmptyDataCell.swift; sourceTree = "<group>"; };
		9229ACB8290414C800874A93 /* TableHeaderView.swift */ = {isa = PBXFileReference; lastKnownFileType = sourcecode.swift; path = TableHeaderView.swift; sourceTree = "<group>"; };
		9229ACBA29047DB300874A93 /* LessonModalViewController.swift */ = {isa = PBXFileReference; lastKnownFileType = sourcecode.swift; path = LessonModalViewController.swift; sourceTree = "<group>"; };
		9229ACBC2907E90000874A93 /* CustomTimeTableViewController.swift */ = {isa = PBXFileReference; lastKnownFileType = sourcecode.swift; path = CustomTimeTableViewController.swift; sourceTree = "<group>"; };
		9229ACBE2909E70800874A93 /* SettingsStorage.swift */ = {isa = PBXFileReference; lastKnownFileType = sourcecode.swift; path = SettingsStorage.swift; sourceTree = "<group>"; };
		923329682972060500776599 /* GoogleService-Info.plist */ = {isa = PBXFileReference; fileEncoding = 4; lastKnownFileType = text.plist.xml; path = "GoogleService-Info.plist"; sourceTree = "<group>"; };
		9233296A2973495F00776599 /* FirebaseAPI.swift */ = {isa = PBXFileReference; lastKnownFileType = sourcecode.swift; path = FirebaseAPI.swift; sourceTree = "<group>"; };
		9233296C297378F200776599 /* FirestoreLessonModel.swift */ = {isa = PBXFileReference; lastKnownFileType = sourcecode.swift; path = FirestoreLessonModel.swift; sourceTree = "<group>"; };
		925D068028D7649100121931 /* GuapTimeTable.app */ = {isa = PBXFileReference; explicitFileType = wrapper.application; includeInIndex = 0; path = GuapTimeTable.app; sourceTree = BUILT_PRODUCTS_DIR; };
		925D068328D7649100121931 /* AppDelegate.swift */ = {isa = PBXFileReference; lastKnownFileType = sourcecode.swift; path = AppDelegate.swift; sourceTree = "<group>"; };
		925D068528D7649100121931 /* SceneDelegate.swift */ = {isa = PBXFileReference; lastKnownFileType = sourcecode.swift; path = SceneDelegate.swift; sourceTree = "<group>"; };
		925D068728D7649100121931 /* TabBarViewController.swift */ = {isa = PBXFileReference; lastKnownFileType = sourcecode.swift; path = TabBarViewController.swift; sourceTree = "<group>"; };
		925D068C28D7649200121931 /* Assets.xcassets */ = {isa = PBXFileReference; lastKnownFileType = folder.assetcatalog; path = Assets.xcassets; sourceTree = "<group>"; };
		925D069128D7649200121931 /* Info.plist */ = {isa = PBXFileReference; lastKnownFileType = text.plist.xml; path = Info.plist; sourceTree = "<group>"; };
		9262F09228F7696500A35604 /* LessonCell.swift */ = {isa = PBXFileReference; lastKnownFileType = sourcecode.swift; path = LessonCell.swift; sourceTree = "<group>"; };
		92D41FB728F05120006F4289 /* SelectQueryModels.swift */ = {isa = PBXFileReference; lastKnownFileType = sourcecode.swift; path = SelectQueryModels.swift; sourceTree = "<group>"; };
		92D41FBA28F08423006F4289 /* TimeTableModels.swift */ = {isa = PBXFileReference; lastKnownFileType = sourcecode.swift; path = TimeTableModels.swift; sourceTree = "<group>"; };
		92D41FBD28F45891006F4289 /* RequestModule.swift */ = {isa = PBXFileReference; lastKnownFileType = sourcecode.swift; path = RequestModule.swift; sourceTree = "<group>"; };
		92D41FC028F459D0006F4289 /* StringExtensions.swift */ = {isa = PBXFileReference; lastKnownFileType = sourcecode.swift; path = StringExtensions.swift; sourceTree = "<group>"; };
		92D41FC228F471CD006F4289 /* Launch Screen.storyboard */ = {isa = PBXFileReference; lastKnownFileType = file.storyboard; path = "Launch Screen.storyboard"; sourceTree = "<group>"; };
		92D41FC528F47887006F4289 /* SettingsViewController.swift */ = {isa = PBXFileReference; lastKnownFileType = sourcecode.swift; path = SettingsViewController.swift; sourceTree = "<group>"; };
		92D41FC728F478C9006F4289 /* TimeTableViewController.swift */ = {isa = PBXFileReference; lastKnownFileType = sourcecode.swift; path = TimeTableViewController.swift; sourceTree = "<group>"; };
		92DAE8F028F9579100EE7C27 /* DeadLineViewController.swift */ = {isa = PBXFileReference; lastKnownFileType = sourcecode.swift; path = DeadLineViewController.swift; sourceTree = "<group>"; };
		EE0A191BC969C26CF551A33A /* Pods_GuapTimeTable.framework */ = {isa = PBXFileReference; explicitFileType = wrapper.framework; includeInIndex = 0; path = Pods_GuapTimeTable.framework; sourceTree = BUILT_PRODUCTS_DIR; };
/* End PBXFileReference section */

/* Begin PBXFrameworksBuildPhase section */
		925D067D28D7649100121931 /* Frameworks */ = {
			isa = PBXFrameworksBuildPhase;
			buildActionMask = 2147483647;
			files = (
				1F0836916ED5211B78A9030A /* Pods_GuapTimeTable.framework in Frameworks */,
			);
			runOnlyForDeploymentPostprocessing = 0;
		};
/* End PBXFrameworksBuildPhase section */

/* Begin PBXGroup section */
		220037F0542C482146570DA7 /* Pods */ = {
			isa = PBXGroup;
			children = (
				58B6D713556DD608756F7A38 /* Pods-GuapTimeTable.debug.xcconfig */,
				301117D7CB394AEAE712649A /* Pods-GuapTimeTable.release.xcconfig */,
			);
			path = Pods;
			sourceTree = "<group>";
		};
		5DA445F7DFD1E0A485184A62 /* Frameworks */ = {
			isa = PBXGroup;
			children = (
				EE0A191BC969C26CF551A33A /* Pods_GuapTimeTable.framework */,
			);
			name = Frameworks;
			sourceTree = "<group>";
		};
		9229ACC0290AC6A000874A93 /* Controllers */ = {
			isa = PBXGroup;
			children = (
				925D068728D7649100121931 /* TabBarViewController.swift */,
				92DAE8F028F9579100EE7C27 /* DeadLineViewController.swift */,
				92D41FC528F47887006F4289 /* SettingsViewController.swift */,
				92D41FC728F478C9006F4289 /* TimeTableViewController.swift */,
				9229ACBA29047DB300874A93 /* LessonModalViewController.swift */,
				9229ACBC2907E90000874A93 /* CustomTimeTableViewController.swift */,
			);
			path = Controllers;
			sourceTree = "<group>";
		};
		925D067728D7649100121931 = {
			isa = PBXGroup;
			children = (
				923329682972060500776599 /* GoogleService-Info.plist */,
				925D068228D7649100121931 /* GuapTimeTable */,
				925D068128D7649100121931 /* Products */,
				220037F0542C482146570DA7 /* Pods */,
				5DA445F7DFD1E0A485184A62 /* Frameworks */,
			);
			sourceTree = "<group>";
		};
		925D068128D7649100121931 /* Products */ = {
			isa = PBXGroup;
			children = (
				925D068028D7649100121931 /* GuapTimeTable.app */,
			);
			name = Products;
			sourceTree = "<group>";
		};
		925D068228D7649100121931 /* GuapTimeTable */ = {
			isa = PBXGroup;
			children = (
				9229ACC0290AC6A000874A93 /* Controllers */,
				92D41FC428F4766B006F4289 /* View */,
				92D41FBF28F459BD006F4289 /* Extensions */,
				92D41FBC28F4586A006F4289 /* Model */,
				92D41FB928F08400006F4289 /* Models */,
				925D068328D7649100121931 /* AppDelegate.swift */,
				925D068528D7649100121931 /* SceneDelegate.swift */,
				925D068C28D7649200121931 /* Assets.xcassets */,
				925D069128D7649200121931 /* Info.plist */,
				92D41FC228F471CD006F4289 /* Launch Screen.storyboard */,
			);
			path = GuapTimeTable;
			sourceTree = "<group>";
		};
		92D41FB928F08400006F4289 /* Models */ = {
			isa = PBXGroup;
			children = (
				92D41FB728F05120006F4289 /* SelectQueryModels.swift */,
				92D41FBA28F08423006F4289 /* TimeTableModels.swift */,
				9233296C297378F200776599 /* FirestoreLessonModel.swift */,
			);
			path = Models;
			sourceTree = "<group>";
		};
		92D41FBC28F4586A006F4289 /* Model */ = {
			isa = PBXGroup;
			children = (
				92D41FBD28F45891006F4289 /* RequestModule.swift */,
				9229ACBE2909E70800874A93 /* SettingsStorage.swift */,
				9233296A2973495F00776599 /* FirebaseAPI.swift */,
			);
			path = Model;
			sourceTree = "<group>";
		};
		92D41FBF28F459BD006F4289 /* Extensions */ = {
			isa = PBXGroup;
			children = (
				92D41FC028F459D0006F4289 /* StringExtensions.swift */,
			);
			path = Extensions;
			sourceTree = "<group>";
		};
		92D41FC428F4766B006F4289 /* View */ = {
			isa = PBXGroup;
			children = (
				9262F09228F7696500A35604 /* LessonCell.swift */,
				9229ACB628FB264800874A93 /* EmptyDataCell.swift */,
				9229ACB8290414C800874A93 /* TableHeaderView.swift */,
			);
			path = View;
			sourceTree = "<group>";
		};
/* End PBXGroup section */

/* Begin PBXNativeTarget section */
		925D067F28D7649100121931 /* GuapTimeTable */ = {
			isa = PBXNativeTarget;
			buildConfigurationList = 925D069428D7649200121931 /* Build configuration list for PBXNativeTarget "GuapTimeTable" */;
			buildPhases = (
				211BC899FA91268FE904DBFC /* [CP] Check Pods Manifest.lock */,
				922D822C290B3D1400F213BC /* Run SwiftLint */,
				925D067C28D7649100121931 /* Sources */,
				925D067D28D7649100121931 /* Frameworks */,
				925D067E28D7649100121931 /* Resources */,
				431623E20EDDAF5A4AB7181D /* [CP] Embed Pods Frameworks */,
			);
			buildRules = (
			);
			dependencies = (
			);
			name = GuapTimeTable;
			productName = Test;
			productReference = 925D068028D7649100121931 /* GuapTimeTable.app */;
			productType = "com.apple.product-type.application";
		};
/* End PBXNativeTarget section */

/* Begin PBXProject section */
		925D067828D7649100121931 /* Project object */ = {
			isa = PBXProject;
			attributes = {
				BuildIndependentTargetsInParallel = 1;
				LastSwiftUpdateCheck = 1320;
				LastUpgradeCheck = 1320;
				TargetAttributes = {
					925D067F28D7649100121931 = {
						CreatedOnToolsVersion = 13.2.1;
					};
				};
			};
			buildConfigurationList = 925D067B28D7649100121931 /* Build configuration list for PBXProject "GuapTimeTable" */;
			compatibilityVersion = "Xcode 13.0";
			developmentRegion = en;
			hasScannedForEncodings = 0;
			knownRegions = (
				en,
				Base,
			);
			mainGroup = 925D067728D7649100121931;
			productRefGroup = 925D068128D7649100121931 /* Products */;
			projectDirPath = "";
			projectRoot = "";
			targets = (
				925D067F28D7649100121931 /* GuapTimeTable */,
			);
		};
/* End PBXProject section */

/* Begin PBXResourcesBuildPhase section */
		925D067E28D7649100121931 /* Resources */ = {
			isa = PBXResourcesBuildPhase;
			buildActionMask = 2147483647;
			files = (
				92D41FC328F471CD006F4289 /* Launch Screen.storyboard in Resources */,
				925D068D28D7649200121931 /* Assets.xcassets in Resources */,
				923329692972060500776599 /* GoogleService-Info.plist in Resources */,
			);
			runOnlyForDeploymentPostprocessing = 0;
		};
/* End PBXResourcesBuildPhase section */

/* Begin PBXShellScriptBuildPhase section */
		211BC899FA91268FE904DBFC /* [CP] Check Pods Manifest.lock */ = {
			isa = PBXShellScriptBuildPhase;
			buildActionMask = 2147483647;
			files = (
			);
			inputFileListPaths = (
			);
			inputPaths = (
				"${PODS_PODFILE_DIR_PATH}/Podfile.lock",
				"${PODS_ROOT}/Manifest.lock",
			);
			name = "[CP] Check Pods Manifest.lock";
			outputFileListPaths = (
			);
			outputPaths = (
				"$(DERIVED_FILE_DIR)/Pods-GuapTimeTable-checkManifestLockResult.txt",
			);
			runOnlyForDeploymentPostprocessing = 0;
			shellPath = /bin/sh;
			shellScript = "diff \"${PODS_PODFILE_DIR_PATH}/Podfile.lock\" \"${PODS_ROOT}/Manifest.lock\" > /dev/null\nif [ $? != 0 ] ; then\n    # print error to STDERR\n    echo \"error: The sandbox is not in sync with the Podfile.lock. Run 'pod install' or update your CocoaPods installation.\" >&2\n    exit 1\nfi\n# This output is used by Xcode 'outputs' to avoid re-running this script phase.\necho \"SUCCESS\" > \"${SCRIPT_OUTPUT_FILE_0}\"\n";
			showEnvVarsInLog = 0;
		};
		431623E20EDDAF5A4AB7181D /* [CP] Embed Pods Frameworks */ = {
			isa = PBXShellScriptBuildPhase;
			buildActionMask = 2147483647;
			files = (
			);
			inputFileListPaths = (
				"${PODS_ROOT}/Target Support Files/Pods-GuapTimeTable/Pods-GuapTimeTable-frameworks-${CONFIGURATION}-input-files.xcfilelist",
			);
			name = "[CP] Embed Pods Frameworks";
			outputFileListPaths = (
				"${PODS_ROOT}/Target Support Files/Pods-GuapTimeTable/Pods-GuapTimeTable-frameworks-${CONFIGURATION}-output-files.xcfilelist",
			);
			runOnlyForDeploymentPostprocessing = 0;
			shellPath = /bin/sh;
			shellScript = "\"${PODS_ROOT}/Target Support Files/Pods-GuapTimeTable/Pods-GuapTimeTable-frameworks.sh\"\n";
			showEnvVarsInLog = 0;
		};
		922D822C290B3D1400F213BC /* Run SwiftLint */ = {
			isa = PBXShellScriptBuildPhase;
			buildActionMask = 2147483647;
			files = (
			);
			inputFileListPaths = (
			);
			inputPaths = (
			);
			name = "Run SwiftLint";
			outputFileListPaths = (
			);
			outputPaths = (
			);
			runOnlyForDeploymentPostprocessing = 0;
			shellPath = /bin/sh;
			shellScript = "# Adds support for Apple Silicon brew directory\nexport PATH=\"$PATH:/opt/homebrew/bin\"\n\nif which swiftlint; then\n    swiftlint --fix | swiftlint\nelse\n  echo \"warning: SwiftLint not installed, download from https://github.com/realm/SwiftLint\"\nfi\n";
		};
/* End PBXShellScriptBuildPhase section */

/* Begin PBXSourcesBuildPhase section */
		925D067C28D7649100121931 /* Sources */ = {
			isa = PBXSourcesBuildPhase;
			buildActionMask = 2147483647;
			files = (
				9229ACB9290414C800874A93 /* TableHeaderView.swift in Sources */,
				9233296D297378F200776599 /* FirestoreLessonModel.swift in Sources */,
				92D41FC128F459D0006F4289 /* StringExtensions.swift in Sources */,
				92D41FC628F47887006F4289 /* SettingsViewController.swift in Sources */,
				925D068828D7649100121931 /* TabBarViewController.swift in Sources */,
				9229ACBD2907E90000874A93 /* CustomTimeTableViewController.swift in Sources */,
				9229ACBB29047DB300874A93 /* LessonModalViewController.swift in Sources */,
				9229ACBF2909E70800874A93 /* SettingsStorage.swift in Sources */,
				925D068428D7649100121931 /* AppDelegate.swift in Sources */,
				9262F09328F7696500A35604 /* LessonCell.swift in Sources */,
				92DAE8F128F9579100EE7C27 /* DeadLineViewController.swift in Sources */,
				925D068628D7649100121931 /* SceneDelegate.swift in Sources */,
				9233296B2973495F00776599 /* FirebaseAPI.swift in Sources */,
				9229ACB728FB264800874A93 /* EmptyDataCell.swift in Sources */,
				92D41FB828F05120006F4289 /* SelectQueryModels.swift in Sources */,
				92D41FBB28F08423006F4289 /* TimeTableModels.swift in Sources */,
				92D41FBE28F45891006F4289 /* RequestModule.swift in Sources */,
				92D41FC828F478C9006F4289 /* TimeTableViewController.swift in Sources */,
			);
			runOnlyForDeploymentPostprocessing = 0;
		};
/* End PBXSourcesBuildPhase section */

/* Begin XCBuildConfiguration section */
		925D069228D7649200121931 /* Debug */ = {
			isa = XCBuildConfiguration;
			buildSettings = {
				ALWAYS_SEARCH_USER_PATHS = NO;
				CLANG_ANALYZER_NONNULL = YES;
				CLANG_ANALYZER_NUMBER_OBJECT_CONVERSION = YES_AGGRESSIVE;
				CLANG_CXX_LANGUAGE_STANDARD = "gnu++17";
				CLANG_CXX_LIBRARY = "libc++";
				CLANG_ENABLE_MODULES = YES;
				CLANG_ENABLE_OBJC_ARC = YES;
				CLANG_ENABLE_OBJC_WEAK = YES;
				CLANG_WARN_BLOCK_CAPTURE_AUTORELEASING = YES;
				CLANG_WARN_BOOL_CONVERSION = YES;
				CLANG_WARN_COMMA = YES;
				CLANG_WARN_CONSTANT_CONVERSION = YES;
				CLANG_WARN_DEPRECATED_OBJC_IMPLEMENTATIONS = YES;
				CLANG_WARN_DIRECT_OBJC_ISA_USAGE = YES_ERROR;
				CLANG_WARN_DOCUMENTATION_COMMENTS = YES;
				CLANG_WARN_EMPTY_BODY = YES;
				CLANG_WARN_ENUM_CONVERSION = YES;
				CLANG_WARN_INFINITE_RECURSION = YES;
				CLANG_WARN_INT_CONVERSION = YES;
				CLANG_WARN_NON_LITERAL_NULL_CONVERSION = YES;
				CLANG_WARN_OBJC_IMPLICIT_RETAIN_SELF = YES;
				CLANG_WARN_OBJC_LITERAL_CONVERSION = YES;
				CLANG_WARN_OBJC_ROOT_CLASS = YES_ERROR;
				CLANG_WARN_QUOTED_INCLUDE_IN_FRAMEWORK_HEADER = YES;
				CLANG_WARN_RANGE_LOOP_ANALYSIS = YES;
				CLANG_WARN_STRICT_PROTOTYPES = YES;
				CLANG_WARN_SUSPICIOUS_MOVE = YES;
				CLANG_WARN_UNGUARDED_AVAILABILITY = YES_AGGRESSIVE;
				CLANG_WARN_UNREACHABLE_CODE = YES;
				CLANG_WARN__DUPLICATE_METHOD_MATCH = YES;
				COPY_PHASE_STRIP = NO;
				DEBUG_INFORMATION_FORMAT = dwarf;
				ENABLE_STRICT_OBJC_MSGSEND = YES;
				ENABLE_TESTABILITY = YES;
				GCC_C_LANGUAGE_STANDARD = gnu11;
				GCC_DYNAMIC_NO_PIC = NO;
				GCC_NO_COMMON_BLOCKS = YES;
				GCC_OPTIMIZATION_LEVEL = 0;
				GCC_PREPROCESSOR_DEFINITIONS = (
					"DEBUG=1",
					"$(inherited)",
				);
				GCC_WARN_64_TO_32_BIT_CONVERSION = YES;
				GCC_WARN_ABOUT_RETURN_TYPE = YES_ERROR;
				GCC_WARN_UNDECLARED_SELECTOR = YES;
				GCC_WARN_UNINITIALIZED_AUTOS = YES_AGGRESSIVE;
				GCC_WARN_UNUSED_FUNCTION = YES;
				GCC_WARN_UNUSED_VARIABLE = YES;
				IPHONEOS_DEPLOYMENT_TARGET = 15.2;
				MTL_ENABLE_DEBUG_INFO = INCLUDE_SOURCE;
				MTL_FAST_MATH = YES;
				ONLY_ACTIVE_ARCH = YES;
				SDKROOT = iphoneos;
				SWIFT_ACTIVE_COMPILATION_CONDITIONS = DEBUG;
				SWIFT_OPTIMIZATION_LEVEL = "-Onone";
			};
			name = Debug;
		};
		925D069328D7649200121931 /* Release */ = {
			isa = XCBuildConfiguration;
			buildSettings = {
				ALWAYS_SEARCH_USER_PATHS = NO;
				CLANG_ANALYZER_NONNULL = YES;
				CLANG_ANALYZER_NUMBER_OBJECT_CONVERSION = YES_AGGRESSIVE;
				CLANG_CXX_LANGUAGE_STANDARD = "gnu++17";
				CLANG_CXX_LIBRARY = "libc++";
				CLANG_ENABLE_MODULES = YES;
				CLANG_ENABLE_OBJC_ARC = YES;
				CLANG_ENABLE_OBJC_WEAK = YES;
				CLANG_WARN_BLOCK_CAPTURE_AUTORELEASING = YES;
				CLANG_WARN_BOOL_CONVERSION = YES;
				CLANG_WARN_COMMA = YES;
				CLANG_WARN_CONSTANT_CONVERSION = YES;
				CLANG_WARN_DEPRECATED_OBJC_IMPLEMENTATIONS = YES;
				CLANG_WARN_DIRECT_OBJC_ISA_USAGE = YES_ERROR;
				CLANG_WARN_DOCUMENTATION_COMMENTS = YES;
				CLANG_WARN_EMPTY_BODY = YES;
				CLANG_WARN_ENUM_CONVERSION = YES;
				CLANG_WARN_INFINITE_RECURSION = YES;
				CLANG_WARN_INT_CONVERSION = YES;
				CLANG_WARN_NON_LITERAL_NULL_CONVERSION = YES;
				CLANG_WARN_OBJC_IMPLICIT_RETAIN_SELF = YES;
				CLANG_WARN_OBJC_LITERAL_CONVERSION = YES;
				CLANG_WARN_OBJC_ROOT_CLASS = YES_ERROR;
				CLANG_WARN_QUOTED_INCLUDE_IN_FRAMEWORK_HEADER = YES;
				CLANG_WARN_RANGE_LOOP_ANALYSIS = YES;
				CLANG_WARN_STRICT_PROTOTYPES = YES;
				CLANG_WARN_SUSPICIOUS_MOVE = YES;
				CLANG_WARN_UNGUARDED_AVAILABILITY = YES_AGGRESSIVE;
				CLANG_WARN_UNREACHABLE_CODE = YES;
				CLANG_WARN__DUPLICATE_METHOD_MATCH = YES;
				COPY_PHASE_STRIP = NO;
				DEBUG_INFORMATION_FORMAT = "dwarf-with-dsym";
				ENABLE_NS_ASSERTIONS = NO;
				ENABLE_STRICT_OBJC_MSGSEND = YES;
				GCC_C_LANGUAGE_STANDARD = gnu11;
				GCC_NO_COMMON_BLOCKS = YES;
				GCC_WARN_64_TO_32_BIT_CONVERSION = YES;
				GCC_WARN_ABOUT_RETURN_TYPE = YES_ERROR;
				GCC_WARN_UNDECLARED_SELECTOR = YES;
				GCC_WARN_UNINITIALIZED_AUTOS = YES_AGGRESSIVE;
				GCC_WARN_UNUSED_FUNCTION = YES;
				GCC_WARN_UNUSED_VARIABLE = YES;
				IPHONEOS_DEPLOYMENT_TARGET = 15.2;
				MTL_ENABLE_DEBUG_INFO = NO;
				MTL_FAST_MATH = YES;
				SDKROOT = iphoneos;
				SWIFT_COMPILATION_MODE = wholemodule;
				SWIFT_OPTIMIZATION_LEVEL = "-O";
				VALIDATE_PRODUCT = YES;
			};
			name = Release;
		};
		925D069528D7649200121931 /* Debug */ = {
			isa = XCBuildConfiguration;
			baseConfigurationReference = 58B6D713556DD608756F7A38 /* Pods-GuapTimeTable.debug.xcconfig */;
			buildSettings = {
				ASSETCATALOG_COMPILER_APPICON_NAME = AppIcon;
				ASSETCATALOG_COMPILER_GLOBAL_ACCENT_COLOR_NAME = AccentColor;
				CODE_SIGN_STYLE = Automatic;
				CURRENT_PROJECT_VERSION = 1;
				DEVELOPMENT_TEAM = 95VHSTU4WC;
				GENERATE_INFOPLIST_FILE = YES;
				INFOPLIST_FILE = GuapTimeTable/Info.plist;
				INFOPLIST_KEY_UIApplicationSupportsIndirectInputEvents = YES;
				INFOPLIST_KEY_UILaunchStoryboardName = LaunchScreen;
				INFOPLIST_KEY_UISupportedInterfaceOrientations_iPad = "UIInterfaceOrientationPortrait UIInterfaceOrientationPortraitUpsideDown UIInterfaceOrientationLandscapeLeft UIInterfaceOrientationLandscapeRight";
				INFOPLIST_KEY_UISupportedInterfaceOrientations_iPhone = "UIInterfaceOrientationPortrait UIInterfaceOrientationLandscapeLeft UIInterfaceOrientationLandscapeRight";
				IPHONEOS_DEPLOYMENT_TARGET = 15.1;
				LD_RUNPATH_SEARCH_PATHS = (
					"$(inherited)",
					"@executable_path/Frameworks",
				);
				MARKETING_VERSION = 1.0;
				PRODUCT_BUNDLE_IDENTIFIER = denissidorenko.GuapTimeTable;
				PRODUCT_NAME = "$(TARGET_NAME)";
				SWIFT_EMIT_LOC_STRINGS = YES;
				SWIFT_VERSION = 5.0;
				TARGETED_DEVICE_FAMILY = 1;
			};
			name = Debug;
		};
		925D069628D7649200121931 /* Release */ = {
			isa = XCBuildConfiguration;
			baseConfigurationReference = 301117D7CB394AEAE712649A /* Pods-GuapTimeTable.release.xcconfig */;
			buildSettings = {
				ASSETCATALOG_COMPILER_APPICON_NAME = AppIcon;
				ASSETCATALOG_COMPILER_GLOBAL_ACCENT_COLOR_NAME = AccentColor;
				CODE_SIGN_STYLE = Automatic;
				CURRENT_PROJECT_VERSION = 1;
				DEVELOPMENT_TEAM = 95VHSTU4WC;
				GENERATE_INFOPLIST_FILE = YES;
				INFOPLIST_FILE = GuapTimeTable/Info.plist;
				INFOPLIST_KEY_UIApplicationSupportsIndirectInputEvents = YES;
				INFOPLIST_KEY_UILaunchStoryboardName = LaunchScreen;
				INFOPLIST_KEY_UISupportedInterfaceOrientations_iPad = "UIInterfaceOrientationPortrait UIInterfaceOrientationPortraitUpsideDown UIInterfaceOrientationLandscapeLeft UIInterfaceOrientationLandscapeRight";
				INFOPLIST_KEY_UISupportedInterfaceOrientations_iPhone = "UIInterfaceOrientationPortrait UIInterfaceOrientationLandscapeLeft UIInterfaceOrientationLandscapeRight";
				IPHONEOS_DEPLOYMENT_TARGET = 15.1;
				LD_RUNPATH_SEARCH_PATHS = (
					"$(inherited)",
					"@executable_path/Frameworks",
				);
				MARKETING_VERSION = 1.0;
				PRODUCT_BUNDLE_IDENTIFIER = denissidorenko.GuapTimeTable;
				PRODUCT_NAME = "$(TARGET_NAME)";
				SWIFT_EMIT_LOC_STRINGS = YES;
				SWIFT_VERSION = 5.0;
				TARGETED_DEVICE_FAMILY = 1;
			};
			name = Release;
		};
/* End XCBuildConfiguration section */

/* Begin XCConfigurationList section */
		925D067B28D7649100121931 /* Build configuration list for PBXProject "GuapTimeTable" */ = {
			isa = XCConfigurationList;
			buildConfigurations = (
				925D069228D7649200121931 /* Debug */,
				925D069328D7649200121931 /* Release */,
			);
			defaultConfigurationIsVisible = 0;
			defaultConfigurationName = Release;
		};
		925D069428D7649200121931 /* Build configuration list for PBXNativeTarget "GuapTimeTable" */ = {
			isa = XCConfigurationList;
			buildConfigurations = (
				925D069528D7649200121931 /* Debug */,
				925D069628D7649200121931 /* Release */,
			);
			defaultConfigurationIsVisible = 0;
			defaultConfigurationName = Release;
		};
/* End XCConfigurationList section */
	};
	rootObject = 925D067828D7649100121931 /* Project object */;
}
